// !$*UTF8*$!
{
	archiveVersion = 1;
	classes = {
	};
	objectVersion = 56;
	objects = {

/* Begin PBXBuildFile section */
		EF4C220E2C53905700688997 /* GabTextViewDemoApp.swift in Sources */ = {isa = PBXBuildFile; fileRef = EF4C220D2C53905700688997 /* GabTextViewDemoApp.swift */; };
		EF4C22102C53905700688997 /* ContentView.swift in Sources */ = {isa = PBXBuildFile; fileRef = EF4C220F2C53905700688997 /* ContentView.swift */; };
		EF4C22122C53905800688997 /* Assets.xcassets in Resources */ = {isa = PBXBuildFile; fileRef = EF4C22112C53905800688997 /* Assets.xcassets */; };
		EF4C22152C53905800688997 /* Preview Assets.xcassets in Resources */ = {isa = PBXBuildFile; fileRef = EF4C22142C53905800688997 /* Preview Assets.xcassets */; };
		EF4C221F2C53905900688997 /* GabTextViewDemoTests.swift in Sources */ = {isa = PBXBuildFile; fileRef = EF4C221E2C53905900688997 /* GabTextViewDemoTests.swift */; };
		EF4C22292C53905900688997 /* GabTextViewDemoUITests.swift in Sources */ = {isa = PBXBuildFile; fileRef = EF4C22282C53905900688997 /* GabTextViewDemoUITests.swift */; };
		EF4C222B2C53905900688997 /* GabTextViewDemoUITestsLaunchTests.swift in Sources */ = {isa = PBXBuildFile; fileRef = EF4C222A2C53905900688997 /* GabTextViewDemoUITestsLaunchTests.swift */; };
/* End PBXBuildFile section */

/* Begin PBXContainerItemProxy section */
		EF4C221B2C53905900688997 /* PBXContainerItemProxy */ = {
			isa = PBXContainerItemProxy;
			containerPortal = EF4C22022C53905700688997 /* Project object */;
			proxyType = 1;
			remoteGlobalIDString = EF4C22092C53905700688997;
			remoteInfo = GabTextViewDemo;
		};
		EF4C22252C53905900688997 /* PBXContainerItemProxy */ = {
			isa = PBXContainerItemProxy;
			containerPortal = EF4C22022C53905700688997 /* Project object */;
			proxyType = 1;
			remoteGlobalIDString = EF4C22092C53905700688997;
			remoteInfo = GabTextViewDemo;
		};
/* End PBXContainerItemProxy section */

/* Begin PBXFileReference section */
		EF4C220A2C53905700688997 /* GabTextViewDemo.app */ = {isa = PBXFileReference; explicitFileType = wrapper.application; includeInIndex = 0; path = GabTextViewDemo.app; sourceTree = BUILT_PRODUCTS_DIR; };
		EF4C220D2C53905700688997 /* GabTextViewDemoApp.swift */ = {isa = PBXFileReference; lastKnownFileType = sourcecode.swift; path = GabTextViewDemoApp.swift; sourceTree = "<group>"; };
		EF4C220F2C53905700688997 /* ContentView.swift */ = {isa = PBXFileReference; lastKnownFileType = sourcecode.swift; path = ContentView.swift; sourceTree = "<group>"; };
		EF4C22112C53905800688997 /* Assets.xcassets */ = {isa = PBXFileReference; lastKnownFileType = folder.assetcatalog; path = Assets.xcassets; sourceTree = "<group>"; };
		EF4C22142C53905800688997 /* Preview Assets.xcassets */ = {isa = PBXFileReference; lastKnownFileType = folder.assetcatalog; path = "Preview Assets.xcassets"; sourceTree = "<group>"; };
		EF4C221A2C53905900688997 /* GabTextViewDemoTests.xctest */ = {isa = PBXFileReference; explicitFileType = wrapper.cfbundle; includeInIndex = 0; path = GabTextViewDemoTests.xctest; sourceTree = BUILT_PRODUCTS_DIR; };
		EF4C221E2C53905900688997 /* GabTextViewDemoTests.swift */ = {isa = PBXFileReference; lastKnownFileType = sourcecode.swift; path = GabTextViewDemoTests.swift; sourceTree = "<group>"; };
		EF4C22242C53905900688997 /* GabTextViewDemoUITests.xctest */ = {isa = PBXFileReference; explicitFileType = wrapper.cfbundle; includeInIndex = 0; path = GabTextViewDemoUITests.xctest; sourceTree = BUILT_PRODUCTS_DIR; };
		EF4C22282C53905900688997 /* GabTextViewDemoUITests.swift */ = {isa = PBXFileReference; lastKnownFileType = sourcecode.swift; path = GabTextViewDemoUITests.swift; sourceTree = "<group>"; };
		EF4C222A2C53905900688997 /* GabTextViewDemoUITestsLaunchTests.swift */ = {isa = PBXFileReference; lastKnownFileType = sourcecode.swift; path = GabTextViewDemoUITestsLaunchTests.swift; sourceTree = "<group>"; };
/* End PBXFileReference section */

/* Begin PBXFrameworksBuildPhase section */
		EF4C22072C53905700688997 /* Frameworks */ = {
			isa = PBXFrameworksBuildPhase;
			buildActionMask = 2147483647;
			files = (
			);
			runOnlyForDeploymentPostprocessing = 0;
		};
		EF4C22172C53905900688997 /* Frameworks */ = {
			isa = PBXFrameworksBuildPhase;
			buildActionMask = 2147483647;
			files = (
			);
			runOnlyForDeploymentPostprocessing = 0;
		};
		EF4C22212C53905900688997 /* Frameworks */ = {
			isa = PBXFrameworksBuildPhase;
			buildActionMask = 2147483647;
			files = (
			);
			runOnlyForDeploymentPostprocessing = 0;
		};
/* End PBXFrameworksBuildPhase section */

/* Begin PBXGroup section */
		EF4C22012C53905700688997 = {
			isa = PBXGroup;
			children = (
				EF4C220C2C53905700688997 /* GabTextViewDemo */,
				EF4C221D2C53905900688997 /* GabTextViewDemoTests */,
				EF4C22272C53905900688997 /* GabTextViewDemoUITests */,
				EF4C220B2C53905700688997 /* Products */,
			);
			sourceTree = "<group>";
		};
		EF4C220B2C53905700688997 /* Products */ = {
			isa = PBXGroup;
			children = (
				EF4C220A2C53905700688997 /* GabTextViewDemo.app */,
				EF4C221A2C53905900688997 /* GabTextViewDemoTests.xctest */,
				EF4C22242C53905900688997 /* GabTextViewDemoUITests.xctest */,
			);
			name = Products;
			sourceTree = "<group>";
		};
		EF4C220C2C53905700688997 /* GabTextViewDemo */ = {
			isa = PBXGroup;
			children = (
				EF4C220D2C53905700688997 /* GabTextViewDemoApp.swift */,
				EF4C220F2C53905700688997 /* ContentView.swift */,
				EF4C22112C53905800688997 /* Assets.xcassets */,
				EF4C22132C53905800688997 /* Preview Content */,
			);
			path = GabTextViewDemo;
			sourceTree = "<group>";
		};
		EF4C22132C53905800688997 /* Preview Content */ = {
			isa = PBXGroup;
			children = (
				EF4C22142C53905800688997 /* Preview Assets.xcassets */,
			);
			path = "Preview Content";
			sourceTree = "<group>";
		};
		EF4C221D2C53905900688997 /* GabTextViewDemoTests */ = {
			isa = PBXGroup;
			children = (
				EF4C221E2C53905900688997 /* GabTextViewDemoTests.swift */,
			);
			path = GabTextViewDemoTests;
			sourceTree = "<group>";
		};
		EF4C22272C53905900688997 /* GabTextViewDemoUITests */ = {
			isa = PBXGroup;
			children = (
				EF4C22282C53905900688997 /* GabTextViewDemoUITests.swift */,
				EF4C222A2C53905900688997 /* GabTextViewDemoUITestsLaunchTests.swift */,
			);
			path = GabTextViewDemoUITests;
			sourceTree = "<group>";
		};
/* End PBXGroup section */

/* Begin PBXNativeTarget section */
		EF4C22092C53905700688997 /* GabTextViewDemo */ = {
			isa = PBXNativeTarget;
			buildConfigurationList = EF4C222E2C53905900688997 /* Build configuration list for PBXNativeTarget "GabTextViewDemo" */;
			buildPhases = (
				EF4C22062C53905700688997 /* Sources */,
				EF4C22072C53905700688997 /* Frameworks */,
				EF4C22082C53905700688997 /* Resources */,
			);
			buildRules = (
			);
			dependencies = (
			);
			name = GabTextViewDemo;
			productName = GabTextViewDemo;
			productReference = EF4C220A2C53905700688997 /* GabTextViewDemo.app */;
			productType = "com.apple.product-type.application";
		};
		EF4C22192C53905900688997 /* GabTextViewDemoTests */ = {
			isa = PBXNativeTarget;
			buildConfigurationList = EF4C22312C53905900688997 /* Build configuration list for PBXNativeTarget "GabTextViewDemoTests" */;
			buildPhases = (
				EF4C22162C53905900688997 /* Sources */,
				EF4C22172C53905900688997 /* Frameworks */,
				EF4C22182C53905900688997 /* Resources */,
			);
			buildRules = (
			);
			dependencies = (
				EF4C221C2C53905900688997 /* PBXTargetDependency */,
			);
			name = GabTextViewDemoTests;
			productName = GabTextViewDemoTests;
			productReference = EF4C221A2C53905900688997 /* GabTextViewDemoTests.xctest */;
			productType = "com.apple.product-type.bundle.unit-test";
		};
		EF4C22232C53905900688997 /* GabTextViewDemoUITests */ = {
			isa = PBXNativeTarget;
			buildConfigurationList = EF4C22342C53905900688997 /* Build configuration list for PBXNativeTarget "GabTextViewDemoUITests" */;
			buildPhases = (
				EF4C22202C53905900688997 /* Sources */,
				EF4C22212C53905900688997 /* Frameworks */,
				EF4C22222C53905900688997 /* Resources */,
			);
			buildRules = (
			);
			dependencies = (
				EF4C22262C53905900688997 /* PBXTargetDependency */,
			);
			name = GabTextViewDemoUITests;
			productName = GabTextViewDemoUITests;
			productReference = EF4C22242C53905900688997 /* GabTextViewDemoUITests.xctest */;
			productType = "com.apple.product-type.bundle.ui-testing";
		};
/* End PBXNativeTarget section */

/* Begin PBXProject section */
		EF4C22022C53905700688997 /* Project object */ = {
			isa = PBXProject;
			attributes = {
				BuildIndependentTargetsInParallel = 1;
				LastSwiftUpdateCheck = 1520;
				LastUpgradeCheck = 1520;
				TargetAttributes = {
					EF4C22092C53905700688997 = {
						CreatedOnToolsVersion = 15.2;
					};
					EF4C22192C53905900688997 = {
						CreatedOnToolsVersion = 15.2;
						TestTargetID = EF4C22092C53905700688997;
					};
					EF4C22232C53905900688997 = {
						CreatedOnToolsVersion = 15.2;
						TestTargetID = EF4C22092C53905700688997;
					};
				};
			};
			buildConfigurationList = EF4C22052C53905700688997 /* Build configuration list for PBXProject "GabTextViewDemo" */;
			compatibilityVersion = "Xcode 14.0";
			developmentRegion = en;
			hasScannedForEncodings = 0;
			knownRegions = (
				en,
				Base,
			);
			mainGroup = EF4C22012C53905700688997;
			productRefGroup = EF4C220B2C53905700688997 /* Products */;
			projectDirPath = "";
			projectRoot = "";
			targets = (
				EF4C22092C53905700688997 /* GabTextViewDemo */,
				EF4C22192C53905900688997 /* GabTextViewDemoTests */,
				EF4C22232C53905900688997 /* GabTextViewDemoUITests */,
			);
		};
/* End PBXProject section */

/* Begin PBXResourcesBuildPhase section */
		EF4C22082C53905700688997 /* Resources */ = {
			isa = PBXResourcesBuildPhase;
			buildActionMask = 2147483647;
			files = (
				EF4C22152C53905800688997 /* Preview Assets.xcassets in Resources */,
				EF4C22122C53905800688997 /* Assets.xcassets in Resources */,
			);
			runOnlyForDeploymentPostprocessing = 0;
		};
		EF4C22182C53905900688997 /* Resources */ = {
			isa = PBXResourcesBuildPhase;
			buildActionMask = 2147483647;
			files = (
			);
			runOnlyForDeploymentPostprocessing = 0;
		};
		EF4C22222C53905900688997 /* Resources */ = {
			isa = PBXResourcesBuildPhase;
			buildActionMask = 2147483647;
			files = (
			);
			runOnlyForDeploymentPostprocessing = 0;
		};
/* End PBXResourcesBuildPhase section */

/* Begin PBXSourcesBuildPhase section */
		EF4C22062C53905700688997 /* Sources */ = {
			isa = PBXSourcesBuildPhase;
			buildActionMask = 2147483647;
			files = (
				EF4C22102C53905700688997 /* ContentView.swift in Sources */,
				EF4C220E2C53905700688997 /* GabTextViewDemoApp.swift in Sources */,
			);
			runOnlyForDeploymentPostprocessing = 0;
		};
		EF4C22162C53905900688997 /* Sources */ = {
			isa = PBXSourcesBuildPhase;
			buildActionMask = 2147483647;
			files = (
				EF4C221F2C53905900688997 /* GabTextViewDemoTests.swift in Sources */,
			);
			runOnlyForDeploymentPostprocessing = 0;
		};
		EF4C22202C53905900688997 /* Sources */ = {
			isa = PBXSourcesBuildPhase;
			buildActionMask = 2147483647;
			files = (
				EF4C222B2C53905900688997 /* GabTextViewDemoUITestsLaunchTests.swift in Sources */,
				EF4C22292C53905900688997 /* GabTextViewDemoUITests.swift in Sources */,
			);
			runOnlyForDeploymentPostprocessing = 0;
		};
/* End PBXSourcesBuildPhase section */

/* Begin PBXTargetDependency section */
		EF4C221C2C53905900688997 /* PBXTargetDependency */ = {
			isa = PBXTargetDependency;
			target = EF4C22092C53905700688997 /* GabTextViewDemo */;
			targetProxy = EF4C221B2C53905900688997 /* PBXContainerItemProxy */;
		};
		EF4C22262C53905900688997 /* PBXTargetDependency */ = {
			isa = PBXTargetDependency;
			target = EF4C22092C53905700688997 /* GabTextViewDemo */;
			targetProxy = EF4C22252C53905900688997 /* PBXContainerItemProxy */;
		};
/* End PBXTargetDependency section */

/* Begin XCBuildConfiguration section */
		EF4C222C2C53905900688997 /* Debug */ = {
			isa = XCBuildConfiguration;
			buildSettings = {
				ALWAYS_SEARCH_USER_PATHS = NO;
				ASSETCATALOG_COMPILER_GENERATE_SWIFT_ASSET_SYMBOL_EXTENSIONS = YES;
				CLANG_ANALYZER_NONNULL = YES;
				CLANG_ANALYZER_NUMBER_OBJECT_CONVERSION = YES_AGGRESSIVE;
				CLANG_CXX_LANGUAGE_STANDARD = "gnu++20";
				CLANG_ENABLE_MODULES = YES;
				CLANG_ENABLE_OBJC_ARC = YES;
				CLANG_ENABLE_OBJC_WEAK = YES;
				CLANG_WARN_BLOCK_CAPTURE_AUTORELEASING = YES;
				CLANG_WARN_BOOL_CONVERSION = YES;
				CLANG_WARN_COMMA = YES;
				CLANG_WARN_CONSTANT_CONVERSION = YES;
				CLANG_WARN_DEPRECATED_OBJC_IMPLEMENTATIONS = YES;
				CLANG_WARN_DIRECT_OBJC_ISA_USAGE = YES_ERROR;
				CLANG_WARN_DOCUMENTATION_COMMENTS = YES;
				CLANG_WARN_EMPTY_BODY = YES;
				CLANG_WARN_ENUM_CONVERSION = YES;
				CLANG_WARN_INFINITE_RECURSION = YES;
				CLANG_WARN_INT_CONVERSION = YES;
				CLANG_WARN_NON_LITERAL_NULL_CONVERSION = YES;
				CLANG_WARN_OBJC_IMPLICIT_RETAIN_SELF = YES;
				CLANG_WARN_OBJC_LITERAL_CONVERSION = YES;
				CLANG_WARN_OBJC_ROOT_CLASS = YES_ERROR;
				CLANG_WARN_QUOTED_INCLUDE_IN_FRAMEWORK_HEADER = YES;
				CLANG_WARN_RANGE_LOOP_ANALYSIS = YES;
				CLANG_WARN_STRICT_PROTOTYPES = YES;
				CLANG_WARN_SUSPICIOUS_MOVE = YES;
				CLANG_WARN_UNGUARDED_AVAILABILITY = YES_AGGRESSIVE;
				CLANG_WARN_UNREACHABLE_CODE = YES;
				CLANG_WARN__DUPLICATE_METHOD_MATCH = YES;
				COPY_PHASE_STRIP = NO;
				DEBUG_INFORMATION_FORMAT = dwarf;
				ENABLE_STRICT_OBJC_MSGSEND = YES;
				ENABLE_TESTABILITY = YES;
				ENABLE_USER_SCRIPT_SANDBOXING = YES;
				GCC_C_LANGUAGE_STANDARD = gnu17;
				GCC_DYNAMIC_NO_PIC = NO;
				GCC_NO_COMMON_BLOCKS = YES;
				GCC_OPTIMIZATION_LEVEL = 0;
				GCC_PREPROCESSOR_DEFINITIONS = (
					"DEBUG=1",
					"$(inherited)",
				);
				GCC_WARN_64_TO_32_BIT_CONVERSION = YES;
				GCC_WARN_ABOUT_RETURN_TYPE = YES_ERROR;
				GCC_WARN_UNDECLARED_SELECTOR = YES;
				GCC_WARN_UNINITIALIZED_AUTOS = YES_AGGRESSIVE;
				GCC_WARN_UNUSED_FUNCTION = YES;
				GCC_WARN_UNUSED_VARIABLE = YES;
				IPHONEOS_DEPLOYMENT_TARGET = 14.0;
				LOCALIZATION_PREFERS_STRING_CATALOGS = YES;
				MTL_ENABLE_DEBUG_INFO = INCLUDE_SOURCE;
				MTL_FAST_MATH = YES;
				ONLY_ACTIVE_ARCH = YES;
				SDKROOT = iphoneos;
				SWIFT_ACTIVE_COMPILATION_CONDITIONS = "DEBUG $(inherited)";
				SWIFT_OPTIMIZATION_LEVEL = "-Onone";
			};
			name = Debug;
		};
		EF4C222D2C53905900688997 /* Release */ = {
			isa = XCBuildConfiguration;
			buildSettings = {
				ALWAYS_SEARCH_USER_PATHS = NO;
				ASSETCATALOG_COMPILER_GENERATE_SWIFT_ASSET_SYMBOL_EXTENSIONS = YES;
				CLANG_ANALYZER_NONNULL = YES;
				CLANG_ANALYZER_NUMBER_OBJECT_CONVERSION = YES_AGGRESSIVE;
				CLANG_CXX_LANGUAGE_STANDARD = "gnu++20";
				CLANG_ENABLE_MODULES = YES;
				CLANG_ENABLE_OBJC_ARC = YES;
				CLANG_ENABLE_OBJC_WEAK = YES;
				CLANG_WARN_BLOCK_CAPTURE_AUTORELEASING = YES;
				CLANG_WARN_BOOL_CONVERSION = YES;
				CLANG_WARN_COMMA = YES;
				CLANG_WARN_CONSTANT_CONVERSION = YES;
				CLANG_WARN_DEPRECATED_OBJC_IMPLEMENTATIONS = YES;
				CLANG_WARN_DIRECT_OBJC_ISA_USAGE = YES_ERROR;
				CLANG_WARN_DOCUMENTATION_COMMENTS = YES;
				CLANG_WARN_EMPTY_BODY = YES;
				CLANG_WARN_ENUM_CONVERSION = YES;
				CLANG_WARN_INFINITE_RECURSION = YES;
				CLANG_WARN_INT_CONVERSION = YES;
				CLANG_WARN_NON_LITERAL_NULL_CONVERSION = YES;
				CLANG_WARN_OBJC_IMPLICIT_RETAIN_SELF = YES;
				CLANG_WARN_OBJC_LITERAL_CONVERSION = YES;
				CLANG_WARN_OBJC_ROOT_CLASS = YES_ERROR;
				CLANG_WARN_QUOTED_INCLUDE_IN_FRAMEWORK_HEADER = YES;
				CLANG_WARN_RANGE_LOOP_ANALYSIS = YES;
				CLANG_WARN_STRICT_PROTOTYPES = YES;
				CLANG_WARN_SUSPICIOUS_MOVE = YES;
				CLANG_WARN_UNGUARDED_AVAILABILITY = YES_AGGRESSIVE;
				CLANG_WARN_UNREACHABLE_CODE = YES;
				CLANG_WARN__DUPLICATE_METHOD_MATCH = YES;
				COPY_PHASE_STRIP = NO;
				DEBUG_INFORMATION_FORMAT = "dwarf-with-dsym";
				ENABLE_NS_ASSERTIONS = NO;
				ENABLE_STRICT_OBJC_MSGSEND = YES;
				ENABLE_USER_SCRIPT_SANDBOXING = YES;
				GCC_C_LANGUAGE_STANDARD = gnu17;
				GCC_NO_COMMON_BLOCKS = YES;
				GCC_WARN_64_TO_32_BIT_CONVERSION = YES;
				GCC_WARN_ABOUT_RETURN_TYPE = YES_ERROR;
				GCC_WARN_UNDECLARED_SELECTOR = YES;
				GCC_WARN_UNINITIALIZED_AUTOS = YES_AGGRESSIVE;
				GCC_WARN_UNUSED_FUNCTION = YES;
				GCC_WARN_UNUSED_VARIABLE = YES;
				IPHONEOS_DEPLOYMENT_TARGET = 14.0;
				LOCALIZATION_PREFERS_STRING_CATALOGS = YES;
				MTL_ENABLE_DEBUG_INFO = NO;
				MTL_FAST_MATH = YES;
				SDKROOT = iphoneos;
				SWIFT_COMPILATION_MODE = wholemodule;
				VALIDATE_PRODUCT = YES;
			};
			name = Release;
		};
		EF4C222F2C53905900688997 /* Debug */ = {
			isa = XCBuildConfiguration;
			buildSettings = {
				ASSETCATALOG_COMPILER_APPICON_NAME = AppIcon;
				ASSETCATALOG_COMPILER_GLOBAL_ACCENT_COLOR_NAME = AccentColor;
				CODE_SIGN_STYLE = Automatic;
				CURRENT_PROJECT_VERSION = 1;
				DEVELOPMENT_ASSET_PATHS = "\"GabTextViewDemo/Preview Content\"";
				DEVELOPMENT_TEAM = JA868URLCA;
				ENABLE_PREVIEWS = YES;
				GENERATE_INFOPLIST_FILE = YES;
				INFOPLIST_KEY_UIApplicationSceneManifest_Generation = YES;
				INFOPLIST_KEY_UIApplicationSupportsIndirectInputEvents = YES;
				INFOPLIST_KEY_UILaunchScreen_Generation = YES;
				INFOPLIST_KEY_UISupportedInterfaceOrientations_iPad = "UIInterfaceOrientationPortrait UIInterfaceOrientationPortraitUpsideDown UIInterfaceOrientationLandscapeLeft UIInterfaceOrientationLandscapeRight";
				INFOPLIST_KEY_UISupportedInterfaceOrientations_iPhone = "UIInterfaceOrientationPortrait UIInterfaceOrientationLandscapeLeft UIInterfaceOrientationLandscapeRight";
				LD_RUNPATH_SEARCH_PATHS = (
					"$(inherited)",
					"@executable_path/Frameworks",
				);
				MARKETING_VERSION = 1.0;
				PRODUCT_BUNDLE_IDENTIFIER = com.SimSangGab.GabTextViewDemo;
				PRODUCT_NAME = "$(TARGET_NAME)";
				SWIFT_EMIT_LOC_STRINGS = YES;
				SWIFT_VERSION = 5.0;
				TARGETED_DEVICE_FAMILY = "1,2";
			};
			name = Debug;
		};
		EF4C22302C53905900688997 /* Release */ = {
			isa = XCBuildConfiguration;
			buildSettings = {
				ASSETCATALOG_COMPILER_APPICON_NAME = AppIcon;
				ASSETCATALOG_COMPILER_GLOBAL_ACCENT_COLOR_NAME = AccentColor;
				CODE_SIGN_STYLE = Automatic;
				CURRENT_PROJECT_VERSION = 1;
				DEVELOPMENT_ASSET_PATHS = "\"GabTextViewDemo/Preview Content\"";
				DEVELOPMENT_TEAM = JA868URLCA;
				ENABLE_PREVIEWS = YES;
				GENERATE_INFOPLIST_FILE = YES;
				INFOPLIST_KEY_UIApplicationSceneManifest_Generation = YES;
				INFOPLIST_KEY_UIApplicationSupportsIndirectInputEvents = YES;
				INFOPLIST_KEY_UILaunchScreen_Generation = YES;
				INFOPLIST_KEY_UISupportedInterfaceOrientations_iPad = "UIInterfaceOrientationPortrait UIInterfaceOrientationPortraitUpsideDown UIInterfaceOrientationLandscapeLeft UIInterfaceOrientationLandscapeRight";
				INFOPLIST_KEY_UISupportedInterfaceOrientations_iPhone = "UIInterfaceOrientationPortrait UIInterfaceOrientationLandscapeLeft UIInterfaceOrientationLandscapeRight";
				LD_RUNPATH_SEARCH_PATHS = (
					"$(inherited)",
					"@executable_path/Frameworks",
				);
				MARKETING_VERSION = 1.0;
				PRODUCT_BUNDLE_IDENTIFIER = com.SimSangGab.GabTextViewDemo;
				PRODUCT_NAME = "$(TARGET_NAME)";
				SWIFT_EMIT_LOC_STRINGS = YES;
				SWIFT_VERSION = 5.0;
				TARGETED_DEVICE_FAMILY = "1,2";
			};
			name = Release;
		};
		EF4C22322C53905900688997 /* Debug */ = {
			isa = XCBuildConfiguration;
			buildSettings = {
				ALWAYS_EMBED_SWIFT_STANDARD_LIBRARIES = YES;
				BUNDLE_LOADER = "$(TEST_HOST)";
				CODE_SIGN_STYLE = Automatic;
				CURRENT_PROJECT_VERSION = 1;
				DEVELOPMENT_TEAM = JA868URLCA;
				GENERATE_INFOPLIST_FILE = YES;
				IPHONEOS_DEPLOYMENT_TARGET = 17.2;
				MARKETING_VERSION = 1.0;
				PRODUCT_BUNDLE_IDENTIFIER = com.SimSangGab.GabTextViewDemoTests;
				PRODUCT_NAME = "$(TARGET_NAME)";
				SWIFT_EMIT_LOC_STRINGS = NO;
				SWIFT_VERSION = 5.0;
				TARGETED_DEVICE_FAMILY = "1,2";
				TEST_HOST = "$(BUILT_PRODUCTS_DIR)/GabTextViewDemo.app/$(BUNDLE_EXECUTABLE_FOLDER_PATH)/GabTextViewDemo";
			};
			name = Debug;
		};
		EF4C22332C53905900688997 /* Release */ = {
			isa = XCBuildConfiguration;
			buildSettings = {
				ALWAYS_EMBED_SWIFT_STANDARD_LIBRARIES = YES;
				BUNDLE_LOADER = "$(TEST_HOST)";
				CODE_SIGN_STYLE = Automatic;
				CURRENT_PROJECT_VERSION = 1;
				DEVELOPMENT_TEAM = JA868URLCA;
				GENERATE_INFOPLIST_FILE = YES;
				IPHONEOS_DEPLOYMENT_TARGET = 17.2;
				MARKETING_VERSION = 1.0;
				PRODUCT_BUNDLE_IDENTIFIER = com.SimSangGab.GabTextViewDemoTests;
				PRODUCT_NAME = "$(TARGET_NAME)";
				SWIFT_EMIT_LOC_STRINGS = NO;
				SWIFT_VERSION = 5.0;
				TARGETED_DEVICE_FAMILY = "1,2";
				TEST_HOST = "$(BUILT_PRODUCTS_DIR)/GabTextViewDemo.app/$(BUNDLE_EXECUTABLE_FOLDER_PATH)/GabTextViewDemo";
			};
			name = Release;
		};
		EF4C22352C53905900688997 /* Debug */ = {
			isa = XCBuildConfiguration;
			buildSettings = {
				ALWAYS_EMBED_SWIFT_STANDARD_LIBRARIES = YES;
				CODE_SIGN_STYLE = Automatic;
				CURRENT_PROJECT_VERSION = 1;
				DEVELOPMENT_TEAM = JA868URLCA;
				GENERATE_INFOPLIST_FILE = YES;
				MARKETING_VERSION = 1.0;
				PRODUCT_BUNDLE_IDENTIFIER = com.SimSangGab.GabTextViewDemoUITests;
				PRODUCT_NAME = "$(TARGET_NAME)";
				SWIFT_EMIT_LOC_STRINGS = NO;
				SWIFT_VERSION = 5.0;
				TARGETED_DEVICE_FAMILY = "1,2";
				TEST_TARGET_NAME = GabTextViewDemo;
			};
			name = Debug;
		};
		EF4C22362C53905900688997 /* Release */ = {
			isa = XCBuildConfiguration;
			buildSettings = {
				ALWAYS_EMBED_SWIFT_STANDARD_LIBRARIES = YES;
				CODE_SIGN_STYLE = Automatic;
				CURRENT_PROJECT_VERSION = 1;
				DEVELOPMENT_TEAM = JA868URLCA;
				GENERATE_INFOPLIST_FILE = YES;
				MARKETING_VERSION = 1.0;
				PRODUCT_BUNDLE_IDENTIFIER = com.SimSangGab.GabTextViewDemoUITests;
				PRODUCT_NAME = "$(TARGET_NAME)";
				SWIFT_EMIT_LOC_STRINGS = NO;
				SWIFT_VERSION = 5.0;
				TARGETED_DEVICE_FAMILY = "1,2";
				TEST_TARGET_NAME = GabTextViewDemo;
			};
			name = Release;
		};
/* End XCBuildConfiguration section */

/* Begin XCConfigurationList section */
		EF4C22052C53905700688997 /* Build configuration list for PBXProject "GabTextViewDemo" */ = {
			isa = XCConfigurationList;
			buildConfigurations = (
				EF4C222C2C53905900688997 /* Debug */,
				EF4C222D2C53905900688997 /* Release */,
			);
			defaultConfigurationIsVisible = 0;
			defaultConfigurationName = Release;
		};
		EF4C222E2C53905900688997 /* Build configuration list for PBXNativeTarget "GabTextViewDemo" */ = {
			isa = XCConfigurationList;
			buildConfigurations = (
				EF4C222F2C53905900688997 /* Debug */,
				EF4C22302C53905900688997 /* Release */,
			);
			defaultConfigurationIsVisible = 0;
			defaultConfigurationName = Release;
		};
		EF4C22312C53905900688997 /* Build configuration list for PBXNativeTarget "GabTextViewDemoTests" */ = {
			isa = XCConfigurationList;
			buildConfigurations = (
				EF4C22322C53905900688997 /* Debug */,
				EF4C22332C53905900688997 /* Release */,
			);
			defaultConfigurationIsVisible = 0;
			defaultConfigurationName = Release;
		};
		EF4C22342C53905900688997 /* Build configuration list for PBXNativeTarget "GabTextViewDemoUITests" */ = {
			isa = XCConfigurationList;
			buildConfigurations = (
				EF4C22352C53905900688997 /* Debug */,
				EF4C22362C53905900688997 /* Release */,
			);
			defaultConfigurationIsVisible = 0;
			defaultConfigurationName = Release;
		};
/* End XCConfigurationList section */
	};
	rootObject = EF4C22022C53905700688997 /* Project object */;
}
